
Microsoft Visual Studio Solution File, Format Version 12.00
# Visual Studio Version 16
VisualStudioVersion = 16.0.29709.97
MinimumVisualStudioVersion = 10.0.40219.1
Project("{FAE04EC0-301F-11D3-BF4B-00C04F79EFBC}") = "MovieCreation", "MovieCreation\MovieCreation.csproj", "{79EA30D5-E002-402B-A8EF-CF7BADEE2006}"
EndProject
Global
	GlobalSection(SolutionConfigurationPlatforms) = preSolution
		Debug|Any CPU = Debug|Any CPU
		Release|Any CPU = Release|Any CPU
	EndGlobalSection
	GlobalSection(ProjectConfigurationPlatforms) = postSolution
		{79EA30D5-E002-402B-A8EF-CF7BADEE2006}.Debug|Any CPU.ActiveCfg = Debug|Any CPU
		{79EA30D5-E002-402B-A8EF-CF7BADEE2006}.Debug|Any CPU.Build.0 = Debug|Any CPU
		{79EA30D5-E002-402B-A8EF-CF7BADEE2006}.Release|Any CPU.ActiveCfg = Release|Any CPU
		{79EA30D5-E002-402B-A8EF-CF7BADEE2006}.Release|Any CPU.Build.0 = Release|Any CPU
	EndGlobalSection
	GlobalSection(SolutionProperties) = preSolution
		HideSolutionNode = FALSE
	EndGlobalSection
	GlobalSection(ExtensibilityGlobals) = postSolution
		SolutionGuid = {6EC0AB4C-42DF-458A-93C5-BD4B03FA1197}
	EndGlobalSection
EndGlobal
